
Microsoft Visual Studio Solution File, Format Version 12.00
Project("{FAE04EC0-301F-11D3-BF4B-00C04F79EFBC}") = "LUNAR-Engine", "LUNAR-Engine\LUNAR-Engine.csproj", "{8AAD0818-C44D-425E-916F-D52306EEA075}"
EndProject
Global
	GlobalSection(SolutionConfigurationPlatforms) = preSolution
		Debug|Any CPU = Debug|Any CPU
		Release|Any CPU = Release|Any CPU
	EndGlobalSection
	GlobalSection(ProjectConfigurationPlatforms) = postSolution
		{8AAD0818-C44D-425E-916F-D52306EEA075}.Debug|Any CPU.ActiveCfg = Debug|Any CPU
		{8AAD0818-C44D-425E-916F-D52306EEA075}.Debug|Any CPU.Build.0 = Debug|Any CPU
		{8AAD0818-C44D-425E-916F-D52306EEA075}.Release|Any CPU.ActiveCfg = Release|Any CPU
		{8AAD0818-C44D-425E-916F-D52306EEA075}.Release|Any CPU.Build.0 = Release|Any CPU
	EndGlobalSection
EndGlobal
