
Microsoft Visual Studio Solution File, Format Version 12.00
# Visual Studio Version 17
VisualStudioVersion = 17.7.34202.233
MinimumVisualStudioVersion = 10.0.40219.1
Project("{9A19103F-16F7-4668-BE54-9A1E7A4F7556}") = "LUNAR-Engine", "LUNAR-Engine\LUNAR-Engine.csproj", "{8AAD0818-C44D-425E-916F-D52306EEA075}"
EndProject
Global
	GlobalSection(SolutionConfigurationPlatforms) = preSolution
		Debug|Any CPU = Debug|Any CPU
		Release|Any CPU = Release|Any CPU
	EndGlobalSection
	GlobalSection(ProjectConfigurationPlatforms) = postSolution
		{8AAD0818-C44D-425E-916F-D52306EEA075}.Debug|Any CPU.ActiveCfg = Debug|Any CPU
		{8AAD0818-C44D-425E-916F-D52306EEA075}.Debug|Any CPU.Build.0 = Debug|Any CPU
		{8AAD0818-C44D-425E-916F-D52306EEA075}.Release|Any CPU.ActiveCfg = Release|Any CPU
		{8AAD0818-C44D-425E-916F-D52306EEA075}.Release|Any CPU.Build.0 = Release|Any CPU
	EndGlobalSection
	GlobalSection(SolutionProperties) = preSolution
		HideSolutionNode = FALSE
	EndGlobalSection
	GlobalSection(ExtensibilityGlobals) = postSolution
		SolutionGuid = {CC2E15F1-4385-45CD-81C4-CB4423710E55}
	EndGlobalSection
EndGlobal
